
Microsoft Visual Studio Solution File, Format Version 10.00
# Visual Studio 2008
Project("{FAE04EC0-301F-11D3-BF4B-00C04F79EFBC}") = "XBMControl", "XBMControl Mobile\XBMControl.csproj", "{A7F87F5B-23F9-496E-BF69-107062CE5282}"
EndProject
Global
	GlobalSection(SubversionScc) = preSolution
		Svn-Managed = True
		Manager = AnkhSVN - Subversion Support for Visual Studio
	EndGlobalSection
	GlobalSection(SolutionConfigurationPlatforms) = preSolution
		Debug|Any CPU = Debug|Any CPU
		Release|Any CPU = Release|Any CPU
	EndGlobalSection
	GlobalSection(ProjectConfigurationPlatforms) = postSolution
		{A7F87F5B-23F9-496E-BF69-107062CE5282}.Debug|Any CPU.ActiveCfg = Release|Any CPU
		{A7F87F5B-23F9-496E-BF69-107062CE5282}.Debug|Any CPU.Build.0 = Release|Any CPU
		{A7F87F5B-23F9-496E-BF69-107062CE5282}.Debug|Any CPU.Deploy.0 = Release|Any CPU
		{A7F87F5B-23F9-496E-BF69-107062CE5282}.Release|Any CPU.ActiveCfg = Release|Any CPU
		{A7F87F5B-23F9-496E-BF69-107062CE5282}.Release|Any CPU.Build.0 = Release|Any CPU
		{A7F87F5B-23F9-496E-BF69-107062CE5282}.Release|Any CPU.Deploy.0 = Release|Any CPU
	EndGlobalSection
	GlobalSection(SolutionProperties) = preSolution
		HideSolutionNode = FALSE
	EndGlobalSection
EndGlobal
